		{{Guid}}.Debug_DLL|ARM.ActiveCfg = Debug_DLL|ARM
		{{Guid}}.Debug_DLL|ARM.Build.0 = Debug_DLL|ARM
		{{Guid}}.Debug_DLL|x64.ActiveCfg = Debug_DLL|x64
		{{Guid}}.Debug_DLL|x64.Build.0 = Debug_DLL|x64
		{{Guid}}.Debug_DLL|x86.ActiveCfg = Debug_DLL|Win32
		{{Guid}}.Debug_DLL|x86.Build.0 = Debug_DLL|Win32
		{{Guid}}.Debug|ARM.ActiveCfg = Debug|ARM
		{{Guid}}.Debug|ARM.Build.0 = Debug|ARM
		{{Guid}}.Debug|x64.ActiveCfg = Debug|x64
		{{Guid}}.Debug|x64.Build.0 = Debug|x64
		{{Guid}}.Debug|x86.ActiveCfg = Debug|Win32
		{{Guid}}.Debug|x86.Build.0 = Debug|Win32
		{{Guid}}.Release_DLL|ARM.ActiveCfg = Release_DLL|ARM
		{{Guid}}.Release_DLL|ARM.Build.0 = Release_DLL|ARM
		{{Guid}}.Release_DLL|x64.ActiveCfg = Release_DLL|x64
		{{Guid}}.Release_DLL|x64.Build.0 = Release_DLL|x64
		{{Guid}}.Release_DLL|x86.ActiveCfg = Release_DLL|Win32
		{{Guid}}.Release_DLL|x86.Build.0 = Release_DLL|Win32
		{{Guid}}.Release|ARM.ActiveCfg = Release|ARM
		{{Guid}}.Release|ARM.Build.0 = Release|ARM
		{{Guid}}.Release|x64.ActiveCfg = Release|x64
		{{Guid}}.Release|x64.Build.0 = Release|x64
		{{Guid}}.Release|x86.ActiveCfg = Release|Win32
		{{Guid}}.Release|x86.Build.0 = Release|Win32
